
Microsoft Visual Studio Solution File, Format Version 11.00
# Visual Studio 2010
# SharpDevelop 4.4
Project("{FD48973F-F585-4F70-812B-4D0503B36CE9}") = "Prog 82a", "Prog 82a\Prog 82a.pyproj", "{01A2B552-2D46-4A40-99D0-39700DB122E3}"
EndProject
Global
	GlobalSection(SolutionConfigurationPlatforms) = preSolution
		Debug|Any CPU = Debug|Any CPU
		Release|Any CPU = Release|Any CPU
	EndGlobalSection
	GlobalSection(ProjectConfigurationPlatforms) = postSolution
		{01A2B552-2D46-4A40-99D0-39700DB122E3}.Debug|Any CPU.Build.0 = Debug|Any CPU
		{01A2B552-2D46-4A40-99D0-39700DB122E3}.Debug|Any CPU.ActiveCfg = Debug|Any CPU
		{01A2B552-2D46-4A40-99D0-39700DB122E3}.Release|Any CPU.Build.0 = Release|Any CPU
		{01A2B552-2D46-4A40-99D0-39700DB122E3}.Release|Any CPU.ActiveCfg = Release|Any CPU
	EndGlobalSection
EndGlobal
