
Microsoft Visual Studio Solution File, Format Version 11.00
# Visual Studio 2010
# SharpDevelop 4.4
Project("{FD48973F-F585-4F70-812B-4D0503B36CE9}") = "Prog 76a", "Prog 76a\Prog 76a.pyproj", "{27149C3C-357C-4D0E-AA2A-7369560C43D2}"
EndProject
Global
	GlobalSection(SolutionConfigurationPlatforms) = preSolution
		Debug|Any CPU = Debug|Any CPU
		Release|Any CPU = Release|Any CPU
	EndGlobalSection
	GlobalSection(ProjectConfigurationPlatforms) = postSolution
		{27149C3C-357C-4D0E-AA2A-7369560C43D2}.Debug|Any CPU.Build.0 = Debug|Any CPU
		{27149C3C-357C-4D0E-AA2A-7369560C43D2}.Debug|Any CPU.ActiveCfg = Debug|Any CPU
		{27149C3C-357C-4D0E-AA2A-7369560C43D2}.Release|Any CPU.Build.0 = Release|Any CPU
		{27149C3C-357C-4D0E-AA2A-7369560C43D2}.Release|Any CPU.ActiveCfg = Release|Any CPU
	EndGlobalSection
EndGlobal
