
Microsoft Visual Studio Solution File, Format Version 11.00
# Visual Studio 2010
# SharpDevelop 4.4
Project("{FD48973F-F585-4F70-812B-4D0503B36CE9}") = "Prog 152a", "Prog 152a\Prog 152a.pyproj", "{3CA3D437-8834-40EF-9DB6-973BAB6C4328}"
EndProject
Global
	GlobalSection(SolutionConfigurationPlatforms) = preSolution
		Debug|Any CPU = Debug|Any CPU
		Release|Any CPU = Release|Any CPU
	EndGlobalSection
	GlobalSection(ProjectConfigurationPlatforms) = postSolution
		{3CA3D437-8834-40EF-9DB6-973BAB6C4328}.Debug|Any CPU.Build.0 = Debug|Any CPU
		{3CA3D437-8834-40EF-9DB6-973BAB6C4328}.Debug|Any CPU.ActiveCfg = Debug|Any CPU
		{3CA3D437-8834-40EF-9DB6-973BAB6C4328}.Release|Any CPU.Build.0 = Release|Any CPU
		{3CA3D437-8834-40EF-9DB6-973BAB6C4328}.Release|Any CPU.ActiveCfg = Release|Any CPU
	EndGlobalSection
EndGlobal
