
Microsoft Visual Studio Solution File, Format Version 11.00
# Visual Studio 2010
# SharpDevelop 4.4
Project("{FD48973F-F585-4F70-812B-4D0503B36CE9}") = "Schdule", "Schdule\Schdule.pyproj", "{92E4FD79-5F82-499B-A347-AF67B8150EDA}"
EndProject
Global
	GlobalSection(SolutionConfigurationPlatforms) = preSolution
		Debug|Any CPU = Debug|Any CPU
		Release|Any CPU = Release|Any CPU
	EndGlobalSection
	GlobalSection(ProjectConfigurationPlatforms) = postSolution
		{92E4FD79-5F82-499B-A347-AF67B8150EDA}.Debug|Any CPU.Build.0 = Debug|Any CPU
		{92E4FD79-5F82-499B-A347-AF67B8150EDA}.Debug|Any CPU.ActiveCfg = Debug|Any CPU
		{92E4FD79-5F82-499B-A347-AF67B8150EDA}.Release|Any CPU.Build.0 = Release|Any CPU
		{92E4FD79-5F82-499B-A347-AF67B8150EDA}.Release|Any CPU.ActiveCfg = Release|Any CPU
	EndGlobalSection
EndGlobal
