
Microsoft Visual Studio Solution File, Format Version 11.00
# Visual Studio 2010
# SharpDevelop 4.4
Project("{FD48973F-F585-4F70-812B-4D0503B36CE9}") = "Prog 122 B (hourly pay)", "Prog 122 B (hourly pay)\Prog 122 B (hourly pay).pyproj", "{0E57A39D-50F5-4DDB-9B8D-988D9EA29AA1}"
EndProject
Global
	GlobalSection(SolutionConfigurationPlatforms) = preSolution
		Debug|Any CPU = Debug|Any CPU
		Release|Any CPU = Release|Any CPU
	EndGlobalSection
	GlobalSection(ProjectConfigurationPlatforms) = postSolution
		{0E57A39D-50F5-4DDB-9B8D-988D9EA29AA1}.Debug|Any CPU.Build.0 = Debug|Any CPU
		{0E57A39D-50F5-4DDB-9B8D-988D9EA29AA1}.Debug|Any CPU.ActiveCfg = Debug|Any CPU
		{0E57A39D-50F5-4DDB-9B8D-988D9EA29AA1}.Release|Any CPU.Build.0 = Release|Any CPU
		{0E57A39D-50F5-4DDB-9B8D-988D9EA29AA1}.Release|Any CPU.ActiveCfg = Release|Any CPU
	EndGlobalSection
EndGlobal
