
Microsoft Visual Studio Solution File, Format Version 11.00
# Visual Studio 2010
# SharpDevelop 4.4
Project("{FD48973F-F585-4F70-812B-4D0503B36CE9}") = "Prog 122c Function Chart", "Prog 122c Function Chart\Prog 122c Function Chart.pyproj", "{0816794B-B8D0-4CF8-8E3E-0D2C3763FC43}"
EndProject
Global
	GlobalSection(SolutionConfigurationPlatforms) = preSolution
		Debug|Any CPU = Debug|Any CPU
		Release|Any CPU = Release|Any CPU
	EndGlobalSection
	GlobalSection(ProjectConfigurationPlatforms) = postSolution
		{0816794B-B8D0-4CF8-8E3E-0D2C3763FC43}.Debug|Any CPU.Build.0 = Debug|Any CPU
		{0816794B-B8D0-4CF8-8E3E-0D2C3763FC43}.Debug|Any CPU.ActiveCfg = Debug|Any CPU
		{0816794B-B8D0-4CF8-8E3E-0D2C3763FC43}.Release|Any CPU.Build.0 = Release|Any CPU
		{0816794B-B8D0-4CF8-8E3E-0D2C3763FC43}.Release|Any CPU.ActiveCfg = Release|Any CPU
	EndGlobalSection
EndGlobal
