
Microsoft Visual Studio Solution File, Format Version 11.00
# Visual Studio 2010
# SharpDevelop 4.4
Project("{FAE04EC0-301F-11D3-BF4B-00C04F79EFBC}") = "About Me", "About Me.csproj", "{5CCCFD7E-F0FE-49DD-82DA-6CA010DE0DCB}"
EndProject
Global
	GlobalSection(SolutionConfigurationPlatforms) = preSolution
		Debug|Any CPU = Debug|Any CPU
		Release|Any CPU = Release|Any CPU
	EndGlobalSection
	GlobalSection(ProjectConfigurationPlatforms) = postSolution
		{5CCCFD7E-F0FE-49DD-82DA-6CA010DE0DCB}.Debug|Any CPU.Build.0 = Debug|Any CPU
		{5CCCFD7E-F0FE-49DD-82DA-6CA010DE0DCB}.Debug|Any CPU.ActiveCfg = Debug|Any CPU
		{5CCCFD7E-F0FE-49DD-82DA-6CA010DE0DCB}.Release|Any CPU.Build.0 = Release|Any CPU
		{5CCCFD7E-F0FE-49DD-82DA-6CA010DE0DCB}.Release|Any CPU.ActiveCfg = Release|Any CPU
	EndGlobalSection
EndGlobal
