
Microsoft Visual Studio Solution File, Format Version 11.00
# Visual Studio 2010
# SharpDevelop 4.4
Project("{FD48973F-F585-4F70-812B-4D0503B36CE9}") = "LP4-1", "LP4-1\LP4-1.pyproj", "{E308ABCB-1916-43B0-84F1-F95B4563A080}"
EndProject
Global
	GlobalSection(SolutionConfigurationPlatforms) = preSolution
		Debug|Any CPU = Debug|Any CPU
		Release|Any CPU = Release|Any CPU
	EndGlobalSection
	GlobalSection(ProjectConfigurationPlatforms) = postSolution
		{E308ABCB-1916-43B0-84F1-F95B4563A080}.Debug|Any CPU.Build.0 = Debug|Any CPU
		{E308ABCB-1916-43B0-84F1-F95B4563A080}.Debug|Any CPU.ActiveCfg = Debug|Any CPU
		{E308ABCB-1916-43B0-84F1-F95B4563A080}.Release|Any CPU.Build.0 = Release|Any CPU
		{E308ABCB-1916-43B0-84F1-F95B4563A080}.Release|Any CPU.ActiveCfg = Release|Any CPU
	EndGlobalSection
EndGlobal
