
Microsoft Visual Studio Solution File, Format Version 11.00
# Visual Studio 2010
# SharpDevelop 4.4
Project("{FD48973F-F585-4F70-812B-4D0503B36CE9}") = "Prog 122d Polly Wants his Cracker", "Prog 122d Polly Wants his Cracker\Prog 122d Polly Wants his Cracker.pyproj", "{B17638EE-CBB4-4445-97DF-7C445FD20B5A}"
EndProject
Global
	GlobalSection(SolutionConfigurationPlatforms) = preSolution
		Debug|Any CPU = Debug|Any CPU
		Release|Any CPU = Release|Any CPU
	EndGlobalSection
	GlobalSection(ProjectConfigurationPlatforms) = postSolution
		{B17638EE-CBB4-4445-97DF-7C445FD20B5A}.Debug|Any CPU.Build.0 = Debug|Any CPU
		{B17638EE-CBB4-4445-97DF-7C445FD20B5A}.Debug|Any CPU.ActiveCfg = Debug|Any CPU
		{B17638EE-CBB4-4445-97DF-7C445FD20B5A}.Release|Any CPU.Build.0 = Release|Any CPU
		{B17638EE-CBB4-4445-97DF-7C445FD20B5A}.Release|Any CPU.ActiveCfg = Release|Any CPU
	EndGlobalSection
EndGlobal
