
Microsoft Visual Studio Solution File, Format Version 11.00
# Visual Studio 2010
# SharpDevelop 4.4
Project("{FD48973F-F585-4F70-812B-4D0503B36CE9}") = "Prog 122a", "Prog 122a\Prog 122a.pyproj", "{6358AB35-0BE2-4BE9-AA0B-E5A8DB45FE34}"
EndProject
Global
	GlobalSection(SolutionConfigurationPlatforms) = preSolution
		Debug|Any CPU = Debug|Any CPU
		Release|Any CPU = Release|Any CPU
	EndGlobalSection
	GlobalSection(ProjectConfigurationPlatforms) = postSolution
		{6358AB35-0BE2-4BE9-AA0B-E5A8DB45FE34}.Debug|Any CPU.Build.0 = Debug|Any CPU
		{6358AB35-0BE2-4BE9-AA0B-E5A8DB45FE34}.Debug|Any CPU.ActiveCfg = Debug|Any CPU
		{6358AB35-0BE2-4BE9-AA0B-E5A8DB45FE34}.Release|Any CPU.Build.0 = Release|Any CPU
		{6358AB35-0BE2-4BE9-AA0B-E5A8DB45FE34}.Release|Any CPU.ActiveCfg = Release|Any CPU
	EndGlobalSection
EndGlobal
