
Microsoft Visual Studio Solution File, Format Version 11.00
# Visual Studio 2010
# SharpDevelop 4.4
Project("{FD48973F-F585-4F70-812B-4D0503B36CE9}") = "Lang65h", "Lang65h\Lang65h.pyproj", "{39973A2D-639B-46E6-B53D-BC05C42B4420}"
EndProject
Global
	GlobalSection(SolutionConfigurationPlatforms) = preSolution
		Debug|Any CPU = Debug|Any CPU
		Release|Any CPU = Release|Any CPU
	EndGlobalSection
	GlobalSection(ProjectConfigurationPlatforms) = postSolution
		{39973A2D-639B-46E6-B53D-BC05C42B4420}.Debug|Any CPU.Build.0 = Debug|Any CPU
		{39973A2D-639B-46E6-B53D-BC05C42B4420}.Debug|Any CPU.ActiveCfg = Debug|Any CPU
		{39973A2D-639B-46E6-B53D-BC05C42B4420}.Release|Any CPU.Build.0 = Release|Any CPU
		{39973A2D-639B-46E6-B53D-BC05C42B4420}.Release|Any CPU.ActiveCfg = Release|Any CPU
	EndGlobalSection
EndGlobal
