
Microsoft Visual Studio Solution File, Format Version 11.00
# Visual Studio 2010
# SharpDevelop 4.4
Project("{FD48973F-F585-4F70-812B-4D0503B36CE9}") = "Program 76a", "Program 76a\Program 76a.pyproj", "{D6CCEE8E-B837-4096-A03F-3E4A5A53FF96}"
EndProject
Global
	GlobalSection(SolutionConfigurationPlatforms) = preSolution
		Debug|Any CPU = Debug|Any CPU
		Release|Any CPU = Release|Any CPU
	EndGlobalSection
	GlobalSection(ProjectConfigurationPlatforms) = postSolution
		{D6CCEE8E-B837-4096-A03F-3E4A5A53FF96}.Debug|Any CPU.Build.0 = Debug|Any CPU
		{D6CCEE8E-B837-4096-A03F-3E4A5A53FF96}.Debug|Any CPU.ActiveCfg = Debug|Any CPU
		{D6CCEE8E-B837-4096-A03F-3E4A5A53FF96}.Release|Any CPU.Build.0 = Release|Any CPU
		{D6CCEE8E-B837-4096-A03F-3E4A5A53FF96}.Release|Any CPU.ActiveCfg = Release|Any CPU
	EndGlobalSection
EndGlobal
