
Microsoft Visual Studio Solution File, Format Version 11.00
# Visual Studio 2010
# SharpDevelop 4.4
Project("{FD48973F-F585-4F70-812B-4D0503B36CE9}") = "Program 152b adding even numbers", "Program 152b adding even numbers\Program 152b adding even numbers.pyproj", "{D7DC6BC0-2B57-4955-9E57-D29DA48B56B4}"
EndProject
Global
	GlobalSection(SolutionConfigurationPlatforms) = preSolution
		Debug|Any CPU = Debug|Any CPU
		Release|Any CPU = Release|Any CPU
	EndGlobalSection
	GlobalSection(ProjectConfigurationPlatforms) = postSolution
		{D7DC6BC0-2B57-4955-9E57-D29DA48B56B4}.Debug|Any CPU.Build.0 = Debug|Any CPU
		{D7DC6BC0-2B57-4955-9E57-D29DA48B56B4}.Debug|Any CPU.ActiveCfg = Debug|Any CPU
		{D7DC6BC0-2B57-4955-9E57-D29DA48B56B4}.Release|Any CPU.Build.0 = Release|Any CPU
		{D7DC6BC0-2B57-4955-9E57-D29DA48B56B4}.Release|Any CPU.ActiveCfg = Release|Any CPU
	EndGlobalSection
EndGlobal
