
Microsoft Visual Studio Solution File, Format Version 11.00
# Visual Studio 2010
# SharpDevelop 4.4
Project("{FD48973F-F585-4F70-812B-4D0503B36CE9}") = "Prog88a", "Prog88a\Prog88a.pyproj", "{5845F4C3-2DC0-415F-AB89-172900987579}"
EndProject
Global
	GlobalSection(SolutionConfigurationPlatforms) = preSolution
		Debug|Any CPU = Debug|Any CPU
		Release|Any CPU = Release|Any CPU
	EndGlobalSection
	GlobalSection(ProjectConfigurationPlatforms) = postSolution
		{5845F4C3-2DC0-415F-AB89-172900987579}.Debug|Any CPU.Build.0 = Debug|Any CPU
		{5845F4C3-2DC0-415F-AB89-172900987579}.Debug|Any CPU.ActiveCfg = Debug|Any CPU
		{5845F4C3-2DC0-415F-AB89-172900987579}.Release|Any CPU.Build.0 = Release|Any CPU
		{5845F4C3-2DC0-415F-AB89-172900987579}.Release|Any CPU.ActiveCfg = Release|Any CPU
	EndGlobalSection
EndGlobal
