
Microsoft Visual Studio Solution File, Format Version 11.00
# Visual Studio 2010
# SharpDevelop 4.4
Project("{FD48973F-F585-4F70-812B-4D0503B36CE9}") = "Hello World", "Hello World\Hello World.pyproj", "{73C2A90D-430C-4EEF-90B7-B833490DD185}"
EndProject
Global
	GlobalSection(SolutionConfigurationPlatforms) = preSolution
		Debug|Any CPU = Debug|Any CPU
		Release|Any CPU = Release|Any CPU
	EndGlobalSection
	GlobalSection(ProjectConfigurationPlatforms) = postSolution
		{73C2A90D-430C-4EEF-90B7-B833490DD185}.Debug|Any CPU.Build.0 = Debug|Any CPU
		{73C2A90D-430C-4EEF-90B7-B833490DD185}.Debug|Any CPU.ActiveCfg = Debug|Any CPU
		{73C2A90D-430C-4EEF-90B7-B833490DD185}.Release|Any CPU.Build.0 = Release|Any CPU
		{73C2A90D-430C-4EEF-90B7-B833490DD185}.Release|Any CPU.ActiveCfg = Release|Any CPU
	EndGlobalSection
EndGlobal
