
Microsoft Visual Studio Solution File, Format Version 11.00
# Visual Studio 2010
# SharpDevelop 4.4
Project("{FD48973F-F585-4F70-812B-4D0503B36CE9}") = "Quotes", "Craig Rules\Quotes.pyproj", "{E883F932-C901-4F66-B0AB-4002EC61491A}"
EndProject
Global
	GlobalSection(SolutionConfigurationPlatforms) = preSolution
		Debug|Any CPU = Debug|Any CPU
		Release|Any CPU = Release|Any CPU
	EndGlobalSection
	GlobalSection(ProjectConfigurationPlatforms) = postSolution
		{E883F932-C901-4F66-B0AB-4002EC61491A}.Debug|Any CPU.Build.0 = Debug|Any CPU
		{E883F932-C901-4F66-B0AB-4002EC61491A}.Debug|Any CPU.ActiveCfg = Debug|Any CPU
		{E883F932-C901-4F66-B0AB-4002EC61491A}.Release|Any CPU.Build.0 = Release|Any CPU
		{E883F932-C901-4F66-B0AB-4002EC61491A}.Release|Any CPU.ActiveCfg = Release|Any CPU
	EndGlobalSection
EndGlobal
