
Microsoft Visual Studio Solution File, Format Version 11.00
# Visual Studio 2010
# SharpDevelop 4.4
Project("{FD48973F-F585-4F70-812B-4D0503B36CE9}") = "Lang 54b", "Lang 54b\Lang 54b.pyproj", "{693FC5DB-68AC-4C86-811A-BA514B3E3D94}"
EndProject
Global
	GlobalSection(SolutionConfigurationPlatforms) = preSolution
		Debug|Any CPU = Debug|Any CPU
		Release|Any CPU = Release|Any CPU
	EndGlobalSection
	GlobalSection(ProjectConfigurationPlatforms) = postSolution
		{693FC5DB-68AC-4C86-811A-BA514B3E3D94}.Debug|Any CPU.Build.0 = Debug|Any CPU
		{693FC5DB-68AC-4C86-811A-BA514B3E3D94}.Debug|Any CPU.ActiveCfg = Debug|Any CPU
		{693FC5DB-68AC-4C86-811A-BA514B3E3D94}.Release|Any CPU.Build.0 = Release|Any CPU
		{693FC5DB-68AC-4C86-811A-BA514B3E3D94}.Release|Any CPU.ActiveCfg = Release|Any CPU
	EndGlobalSection
EndGlobal
